{
  "nodes": {
    "nixpkgs": {
      "locked": {
        "lastModified": 1774855581,
        "narHash": "sha256-YkreHeMgTCYvJ5fESV0YyqQK49bHGe2B51tH6claUh4=",
        "owner": "NixOS",
        "repo": "nixpkgs",
        "rev": "15c6719d8c604779cf59e03c245ea61d3d7ab69b",
        "type": "github"
      },
      "original": {
        "owner": "NixOS",
        "repo": "nixpkgs",
        "rev": "15c6719d8c604779cf59e03c245ea61d3d7ab69b",
        "type": "github"
      }
    },
    "root": {
      "inputs": {
        "nixpkgs": "nixpkgs",
        "rust-overlay": "rust-overlay"
      }
    },
    "rust-overlay": {
      "inputs": {
        "nixpkgs": [
          "nixpkgs"
        ]
      },
      "locked": {
        "lastModified": 1775013181,
        "narHash": "sha256-zPrt6oNM1r/RO5bWYaZ3hthfG9vzkr6kQdoqDd5x4Qw=",
        "owner": "oxalica",
        "repo": "rust-overlay",
        "rev": "e8046c1d9ccadd497c2344d8fa49dab62f22f7be",
        "type": "github"
      },
      "original": {
        "owner": "oxalica",
        "repo": "rust-overlay",
        "rev": "e8046c1d9ccadd497c2344d8fa49dab62f22f7be",
        "type": "github"
      }
    }
  },
  "root": "root",
  "version": 7
}
